
Microsoft Visual Studio Solution File, Format Version 12.00
# Visual Studio Version 16
VisualStudioVersion = 16.0.31019.35
MinimumVisualStudioVersion = 10.0.40219.1
Project("{FAE04EC0-301F-11D3-BF4B-00C04F79EFBC}") = "SegmentWidth.UWP", "SegmentWidth\SegmentWidth.UWP\SegmentWidth.UWP.csproj", "{787BFF37-C101-4E6F-BB8C-AD782458BE1D}"
EndProject
Project("{FAE04EC0-301F-11D3-BF4B-00C04F79EFBC}") = "SegmentWidth.Android", "SegmentWidth\SegmentWidth.Android\SegmentWidth.Android.csproj", "{B7BBCE45-A0EE-4119-90FC-68E1BC143BCC}"
EndProject
Project("{FAE04EC0-301F-11D3-BF4B-00C04F79EFBC}") = "SegmentWidth.iOS", "SegmentWidth\SegmentWidth.iOS\SegmentWidth.iOS.csproj", "{55487F16-7582-4C11-905D-172B9289D634}"
EndProject
Project("{FAE04EC0-301F-11D3-BF4B-00C04F79EFBC}") = "SegmentWidth", "SegmentWidth\SegmentWidth\SegmentWidth.csproj", "{BBECCF4A-8BE1-4ACE-9312-D8719EED1F8E}"
EndProject
Global
	GlobalSection(SolutionConfigurationPlatforms) = preSolution
		Debug|Any CPU = Debug|Any CPU
		Debug|ARM = Debug|ARM
		Debug|iPhone = Debug|iPhone
		Debug|iPhoneSimulator = Debug|iPhoneSimulator
		Debug|x64 = Debug|x64
		Debug|x86 = Debug|x86
		Release|Any CPU = Release|Any CPU
		Release|ARM = Release|ARM
		Release|iPhone = Release|iPhone
		Release|iPhoneSimulator = Release|iPhoneSimulator
		Release|x64 = Release|x64
		Release|x86 = Release|x86
	EndGlobalSection
	GlobalSection(ProjectConfigurationPlatforms) = postSolution
		{787BFF37-C101-4E6F-BB8C-AD782458BE1D}.Debug|Any CPU.ActiveCfg = Debug|x86
		{787BFF37-C101-4E6F-BB8C-AD782458BE1D}.Debug|Any CPU.Build.0 = Debug|x86
		{787BFF37-C101-4E6F-BB8C-AD782458BE1D}.Debug|Any CPU.Deploy.0 = Debug|x86
		{787BFF37-C101-4E6F-BB8C-AD782458BE1D}.Debug|ARM.ActiveCfg = Debug|ARM
		{787BFF37-C101-4E6F-BB8C-AD782458BE1D}.Debug|ARM.Build.0 = Debug|ARM
		{787BFF37-C101-4E6F-BB8C-AD782458BE1D}.Debug|ARM.Deploy.0 = Debug|ARM
		{787BFF37-C101-4E6F-BB8C-AD782458BE1D}.Debug|iPhone.ActiveCfg = Debug|x86
		{787BFF37-C101-4E6F-BB8C-AD782458BE1D}.Debug|iPhone.Build.0 = Debug|x86
		{787BFF37-C101-4E6F-BB8C-AD782458BE1D}.Debug|iPhone.Deploy.0 = Debug|x86
		{787BFF37-C101-4E6F-BB8C-AD782458BE1D}.Debug|iPhoneSimulator.ActiveCfg = Debug|x86
		{787BFF37-C101-4E6F-BB8C-AD782458BE1D}.Debug|iPhoneSimulator.Build.0 = Debug|x86
		{787BFF37-C101-4E6F-BB8C-AD782458BE1D}.Debug|iPhoneSimulator.Deploy.0 = Debug|x86
		{787BFF37-C101-4E6F-BB8C-AD782458BE1D}.Debug|x64.ActiveCfg = Debug|x64
		{787BFF37-C101-4E6F-BB8C-AD782458BE1D}.Debug|x64.Build.0 = Debug|x64
		{787BFF37-C101-4E6F-BB8C-AD782458BE1D}.Debug|x64.Deploy.0 = Debug|x64
		{787BFF37-C101-4E6F-BB8C-AD782458BE1D}.Debug|x86.ActiveCfg = Debug|x86
		{787BFF37-C101-4E6F-BB8C-AD782458BE1D}.Debug|x86.Build.0 = Debug|x86
		{787BFF37-C101-4E6F-BB8C-AD782458BE1D}.Debug|x86.Deploy.0 = Debug|x86
		{787BFF37-C101-4E6F-BB8C-AD782458BE1D}.Release|Any CPU.ActiveCfg = Release|x86
		{787BFF37-C101-4E6F-BB8C-AD782458BE1D}.Release|Any CPU.Build.0 = Release|x86
		{787BFF37-C101-4E6F-BB8C-AD782458BE1D}.Release|Any CPU.Deploy.0 = Release|x86
		{787BFF37-C101-4E6F-BB8C-AD782458BE1D}.Release|ARM.ActiveCfg = Release|ARM
		{787BFF37-C101-4E6F-BB8C-AD782458BE1D}.Release|ARM.Build.0 = Release|ARM
		{787BFF37-C101-4E6F-BB8C-AD782458BE1D}.Release|ARM.Deploy.0 = Release|ARM
		{787BFF37-C101-4E6F-BB8C-AD782458BE1D}.Release|iPhone.ActiveCfg = Release|x86
		{787BFF37-C101-4E6F-BB8C-AD782458BE1D}.Release|iPhone.Build.0 = Release|x86
		{787BFF37-C101-4E6F-BB8C-AD782458BE1D}.Release|iPhone.Deploy.0 = Release|x86
		{787BFF37-C101-4E6F-BB8C-AD782458BE1D}.Release|iPhoneSimulator.ActiveCfg = Release|x86
		{787BFF37-C101-4E6F-BB8C-AD782458BE1D}.Release|iPhoneSimulator.Build.0 = Release|x86
		{787BFF37-C101-4E6F-BB8C-AD782458BE1D}.Release|iPhoneSimulator.Deploy.0 = Release|x86
		{787BFF37-C101-4E6F-BB8C-AD782458BE1D}.Release|x64.ActiveCfg = Release|x64
		{787BFF37-C101-4E6F-BB8C-AD782458BE1D}.Release|x64.Build.0 = Release|x64
		{787BFF37-C101-4E6F-BB8C-AD782458BE1D}.Release|x64.Deploy.0 = Release|x64
		{787BFF37-C101-4E6F-BB8C-AD782458BE1D}.Release|x86.ActiveCfg = Release|x86
		{787BFF37-C101-4E6F-BB8C-AD782458BE1D}.Release|x86.Build.0 = Release|x86
		{787BFF37-C101-4E6F-BB8C-AD782458BE1D}.Release|x86.Deploy.0 = Release|x86
		{B7BBCE45-A0EE-4119-90FC-68E1BC143BCC}.Debug|Any CPU.ActiveCfg = Debug|Any CPU
		{B7BBCE45-A0EE-4119-90FC-68E1BC143BCC}.Debug|Any CPU.Build.0 = Debug|Any CPU
		{B7BBCE45-A0EE-4119-90FC-68E1BC143BCC}.Debug|Any CPU.Deploy.0 = Debug|Any CPU
		{B7BBCE45-A0EE-4119-90FC-68E1BC143BCC}.Debug|ARM.ActiveCfg = Debug|Any CPU
		{B7BBCE45-A0EE-4119-90FC-68E1BC143BCC}.Debug|ARM.Build.0 = Debug|Any CPU
		{B7BBCE45-A0EE-4119-90FC-68E1BC143BCC}.Debug|ARM.Deploy.0 = Debug|Any CPU
		{B7BBCE45-A0EE-4119-90FC-68E1BC143BCC}.Debug|iPhone.ActiveCfg = Debug|Any CPU
		{B7BBCE45-A0EE-4119-90FC-68E1BC143BCC}.Debug|iPhone.Build.0 = Debug|Any CPU
		{B7BBCE45-A0EE-4119-90FC-68E1BC143BCC}.Debug|iPhone.Deploy.0 = Debug|Any CPU
		{B7BBCE45-A0EE-4119-90FC-68E1BC143BCC}.Debug|iPhoneSimulator.ActiveCfg = Debug|Any CPU
		{B7BBCE45-A0EE-4119-90FC-68E1BC143BCC}.Debug|iPhoneSimulator.Build.0 = Debug|Any CPU
		{B7BBCE45-A0EE-4119-90FC-68E1BC143BCC}.Debug|iPhoneSimulator.Deploy.0 = Debug|Any CPU
		{B7BBCE45-A0EE-4119-90FC-68E1BC143BCC}.Debug|x64.ActiveCfg = Debug|Any CPU
		{B7BBCE45-A0EE-4119-90FC-68E1BC143BCC}.Debug|x64.Build.0 = Debug|Any CPU
		{B7BBCE45-A0EE-4119-90FC-68E1BC143BCC}.Debug|x64.Deploy.0 = Debug|Any CPU
		{B7BBCE45-A0EE-4119-90FC-68E1BC143BCC}.Debug|x86.ActiveCfg = Debug|Any CPU
		{B7BBCE45-A0EE-4119-90FC-68E1BC143BCC}.Debug|x86.Build.0 = Debug|Any CPU
		{B7BBCE45-A0EE-4119-90FC-68E1BC143BCC}.Debug|x86.Deploy.0 = Debug|Any CPU
		{B7BBCE45-A0EE-4119-90FC-68E1BC143BCC}.Release|Any CPU.ActiveCfg = Release|Any CPU
		{B7BBCE45-A0EE-4119-90FC-68E1BC143BCC}.Release|Any CPU.Build.0 = Release|Any CPU
		{B7BBCE45-A0EE-4119-90FC-68E1BC143BCC}.Release|Any CPU.Deploy.0 = Release|Any CPU
		{B7BBCE45-A0EE-4119-90FC-68E1BC143BCC}.Release|ARM.ActiveCfg = Release|Any CPU
		{B7BBCE45-A0EE-4119-90FC-68E1BC143BCC}.Release|ARM.Build.0 = Release|Any CPU
		{B7BBCE45-A0EE-4119-90FC-68E1BC143BCC}.Release|ARM.Deploy.0 = Release|Any CPU
		{B7BBCE45-A0EE-4119-90FC-68E1BC143BCC}.Release|iPhone.ActiveCfg = Release|Any CPU
		{B7BBCE45-A0EE-4119-90FC-68E1BC143BCC}.Release|iPhone.Build.0 = Release|Any CPU
		{B7BBCE45-A0EE-4119-90FC-68E1BC143BCC}.Release|iPhone.Deploy.0 = Release|Any CPU
		{B7BBCE45-A0EE-4119-90FC-68E1BC143BCC}.Release|iPhoneSimulator.ActiveCfg = Release|Any CPU
		{B7BBCE45-A0EE-4119-90FC-68E1BC143BCC}.Release|iPhoneSimulator.Build.0 = Release|Any CPU
		{B7BBCE45-A0EE-4119-90FC-68E1BC143BCC}.Release|iPhoneSimulator.Deploy.0 = Release|Any CPU
		{B7BBCE45-A0EE-4119-90FC-68E1BC143BCC}.Release|x64.ActiveCfg = Release|Any CPU
		{B7BBCE45-A0EE-4119-90FC-68E1BC143BCC}.Release|x64.Build.0 = Release|Any CPU
		{B7BBCE45-A0EE-4119-90FC-68E1BC143BCC}.Release|x64.Deploy.0 = Release|Any CPU
		{B7BBCE45-A0EE-4119-90FC-68E1BC143BCC}.Release|x86.ActiveCfg = Release|Any CPU
		{B7BBCE45-A0EE-4119-90FC-68E1BC143BCC}.Release|x86.Build.0 = Release|Any CPU
		{B7BBCE45-A0EE-4119-90FC-68E1BC143BCC}.Release|x86.Deploy.0 = Release|Any CPU
		{55487F16-7582-4C11-905D-172B9289D634}.Debug|Any CPU.ActiveCfg = Debug|iPhoneSimulator
		{55487F16-7582-4C11-905D-172B9289D634}.Debug|Any CPU.Build.0 = Debug|iPhoneSimulator
		{55487F16-7582-4C11-905D-172B9289D634}.Debug|Any CPU.Deploy.0 = Debug|iPhoneSimulator
		{55487F16-7582-4C11-905D-172B9289D634}.Debug|ARM.ActiveCfg = Debug|iPhone
		{55487F16-7582-4C11-905D-172B9289D634}.Debug|ARM.Build.0 = Debug|iPhone
		{55487F16-7582-4C11-905D-172B9289D634}.Debug|ARM.Deploy.0 = Debug|iPhone
		{55487F16-7582-4C11-905D-172B9289D634}.Debug|iPhone.ActiveCfg = Debug|iPhone
		{55487F16-7582-4C11-905D-172B9289D634}.Debug|iPhone.Build.0 = Debug|iPhone
		{55487F16-7582-4C11-905D-172B9289D634}.Debug|iPhone.Deploy.0 = Debug|iPhone
		{55487F16-7582-4C11-905D-172B9289D634}.Debug|iPhoneSimulator.ActiveCfg = Debug|iPhoneSimulator
		{55487F16-7582-4C11-905D-172B9289D634}.Debug|iPhoneSimulator.Build.0 = Debug|iPhoneSimulator
		{55487F16-7582-4C11-905D-172B9289D634}.Debug|iPhoneSimulator.Deploy.0 = Debug|iPhoneSimulator
		{55487F16-7582-4C11-905D-172B9289D634}.Debug|x64.ActiveCfg = Debug|iPhoneSimulator
		{55487F16-7582-4C11-905D-172B9289D634}.Debug|x64.Build.0 = Debug|iPhoneSimulator
		{55487F16-7582-4C11-905D-172B9289D634}.Debug|x64.Deploy.0 = Debug|iPhoneSimulator
		{55487F16-7582-4C11-905D-172B9289D634}.Debug|x86.ActiveCfg = Debug|iPhoneSimulator
		{55487F16-7582-4C11-905D-172B9289D634}.Debug|x86.Build.0 = Debug|iPhoneSimulator
		{55487F16-7582-4C11-905D-172B9289D634}.Debug|x86.Deploy.0 = Debug|iPhoneSimulator
		{55487F16-7582-4C11-905D-172B9289D634}.Release|Any CPU.ActiveCfg = Release|iPhoneSimulator
		{55487F16-7582-4C11-905D-172B9289D634}.Release|Any CPU.Build.0 = Release|iPhoneSimulator
		{55487F16-7582-4C11-905D-172B9289D634}.Release|Any CPU.Deploy.0 = Release|iPhoneSimulator
		{55487F16-7582-4C11-905D-172B9289D634}.Release|ARM.ActiveCfg = Release|iPhoneSimulator
		{55487F16-7582-4C11-905D-172B9289D634}.Release|ARM.Build.0 = Release|iPhoneSimulator
		{55487F16-7582-4C11-905D-172B9289D634}.Release|ARM.Deploy.0 = Release|iPhoneSimulator
		{55487F16-7582-4C11-905D-172B9289D634}.Release|iPhone.ActiveCfg = Release|iPhone
		{55487F16-7582-4C11-905D-172B9289D634}.Release|iPhone.Build.0 = Release|iPhone
		{55487F16-7582-4C11-905D-172B9289D634}.Release|iPhone.Deploy.0 = Release|iPhone
		{55487F16-7582-4C11-905D-172B9289D634}.Release|iPhoneSimulator.ActiveCfg = Release|iPhoneSimulator
		{55487F16-7582-4C11-905D-172B9289D634}.Release|iPhoneSimulator.Build.0 = Release|iPhoneSimulator
		{55487F16-7582-4C11-905D-172B9289D634}.Release|iPhoneSimulator.Deploy.0 = Release|iPhoneSimulator
		{55487F16-7582-4C11-905D-172B9289D634}.Release|x64.ActiveCfg = Release|iPhoneSimulator
		{55487F16-7582-4C11-905D-172B9289D634}.Release|x64.Build.0 = Release|iPhoneSimulator
		{55487F16-7582-4C11-905D-172B9289D634}.Release|x64.Deploy.0 = Release|iPhoneSimulator
		{55487F16-7582-4C11-905D-172B9289D634}.Release|x86.ActiveCfg = Release|iPhoneSimulator
		{55487F16-7582-4C11-905D-172B9289D634}.Release|x86.Build.0 = Release|iPhoneSimulator
		{55487F16-7582-4C11-905D-172B9289D634}.Release|x86.Deploy.0 = Release|iPhoneSimulator
		{BBECCF4A-8BE1-4ACE-9312-D8719EED1F8E}.Debug|Any CPU.ActiveCfg = Debug|Any CPU
		{BBECCF4A-8BE1-4ACE-9312-D8719EED1F8E}.Debug|Any CPU.Build.0 = Debug|Any CPU
		{BBECCF4A-8BE1-4ACE-9312-D8719EED1F8E}.Debug|Any CPU.Deploy.0 = Debug|Any CPU
		{BBECCF4A-8BE1-4ACE-9312-D8719EED1F8E}.Debug|ARM.ActiveCfg = Debug|Any CPU
		{BBECCF4A-8BE1-4ACE-9312-D8719EED1F8E}.Debug|ARM.Build.0 = Debug|Any CPU
		{BBECCF4A-8BE1-4ACE-9312-D8719EED1F8E}.Debug|ARM.Deploy.0 = Debug|Any CPU
		{BBECCF4A-8BE1-4ACE-9312-D8719EED1F8E}.Debug|iPhone.ActiveCfg = Debug|Any CPU
		{BBECCF4A-8BE1-4ACE-9312-D8719EED1F8E}.Debug|iPhone.Build.0 = Debug|Any CPU
		{BBECCF4A-8BE1-4ACE-9312-D8719EED1F8E}.Debug|iPhone.Deploy.0 = Debug|Any CPU
		{BBECCF4A-8BE1-4ACE-9312-D8719EED1F8E}.Debug|iPhoneSimulator.ActiveCfg = Debug|Any CPU
		{BBECCF4A-8BE1-4ACE-9312-D8719EED1F8E}.Debug|iPhoneSimulator.Build.0 = Debug|Any CPU
		{BBECCF4A-8BE1-4ACE-9312-D8719EED1F8E}.Debug|iPhoneSimulator.Deploy.0 = Debug|Any CPU
		{BBECCF4A-8BE1-4ACE-9312-D8719EED1F8E}.Debug|x64.ActiveCfg = Debug|Any CPU
		{BBECCF4A-8BE1-4ACE-9312-D8719EED1F8E}.Debug|x64.Build.0 = Debug|Any CPU
		{BBECCF4A-8BE1-4ACE-9312-D8719EED1F8E}.Debug|x64.Deploy.0 = Debug|Any CPU
		{BBECCF4A-8BE1-4ACE-9312-D8719EED1F8E}.Debug|x86.ActiveCfg = Debug|Any CPU
		{BBECCF4A-8BE1-4ACE-9312-D8719EED1F8E}.Debug|x86.Build.0 = Debug|Any CPU
		{BBECCF4A-8BE1-4ACE-9312-D8719EED1F8E}.Debug|x86.Deploy.0 = Debug|Any CPU
		{BBECCF4A-8BE1-4ACE-9312-D8719EED1F8E}.Release|Any CPU.ActiveCfg = Release|Any CPU
		{BBECCF4A-8BE1-4ACE-9312-D8719EED1F8E}.Release|Any CPU.Build.0 = Release|Any CPU
		{BBECCF4A-8BE1-4ACE-9312-D8719EED1F8E}.Release|Any CPU.Deploy.0 = Release|Any CPU
		{BBECCF4A-8BE1-4ACE-9312-D8719EED1F8E}.Release|ARM.ActiveCfg = Release|Any CPU
		{BBECCF4A-8BE1-4ACE-9312-D8719EED1F8E}.Release|ARM.Build.0 = Release|Any CPU
		{BBECCF4A-8BE1-4ACE-9312-D8719EED1F8E}.Release|ARM.Deploy.0 = Release|Any CPU
		{BBECCF4A-8BE1-4ACE-9312-D8719EED1F8E}.Release|iPhone.ActiveCfg = Release|Any CPU
		{BBECCF4A-8BE1-4ACE-9312-D8719EED1F8E}.Release|iPhone.Build.0 = Release|Any CPU
		{BBECCF4A-8BE1-4ACE-9312-D8719EED1F8E}.Release|iPhone.Deploy.0 = Release|Any CPU
		{BBECCF4A-8BE1-4ACE-9312-D8719EED1F8E}.Release|iPhoneSimulator.ActiveCfg = Release|Any CPU
		{BBECCF4A-8BE1-4ACE-9312-D8719EED1F8E}.Release|iPhoneSimulator.Build.0 = Release|Any CPU
		{BBECCF4A-8BE1-4ACE-9312-D8719EED1F8E}.Release|iPhoneSimulator.Deploy.0 = Release|Any CPU
		{BBECCF4A-8BE1-4ACE-9312-D8719EED1F8E}.Release|x64.ActiveCfg = Release|Any CPU
		{BBECCF4A-8BE1-4ACE-9312-D8719EED1F8E}.Release|x64.Build.0 = Release|Any CPU
		{BBECCF4A-8BE1-4ACE-9312-D8719EED1F8E}.Release|x64.Deploy.0 = Release|Any CPU
		{BBECCF4A-8BE1-4ACE-9312-D8719EED1F8E}.Release|x86.ActiveCfg = Release|Any CPU
		{BBECCF4A-8BE1-4ACE-9312-D8719EED1F8E}.Release|x86.Build.0 = Release|Any CPU
		{BBECCF4A-8BE1-4ACE-9312-D8719EED1F8E}.Release|x86.Deploy.0 = Release|Any CPU
	EndGlobalSection
	GlobalSection(SolutionProperties) = preSolution
		HideSolutionNode = FALSE
	EndGlobalSection
	GlobalSection(ExtensibilityGlobals) = postSolution
		SolutionGuid = {37D19CA8-87EA-48A4-89FE-8CE4546D2CA9}
	EndGlobalSection
EndGlobal
